
Microsoft Visual Studio Solution File, Format Version 12.00
# Visual Studio Version 17
VisualStudioVersion = 17.14.36414.22 d17.14
MinimumVisualStudioVersion = 10.0.40219.1
Project("{FAE04EC0-301F-11D3-BF4B-00C04F79EFBC}") = "CMCS.Web", "CMCS.Web\CMCS.Web.csproj", "{CD67FA78-1C14-44FC-ACD2-94F65C454713}"
EndProject
Global
	GlobalSection(SolutionConfigurationPlatforms) = preSolution
		Debug|Any CPU = Debug|Any CPU
		Release|Any CPU = Release|Any CPU
	EndGlobalSection
	GlobalSection(ProjectConfigurationPlatforms) = postSolution
		{CD67FA78-1C14-44FC-ACD2-94F65C454713}.Debug|Any CPU.ActiveCfg = Debug|Any CPU
		{CD67FA78-1C14-44FC-ACD2-94F65C454713}.Debug|Any CPU.Build.0 = Debug|Any CPU
		{CD67FA78-1C14-44FC-ACD2-94F65C454713}.Release|Any CPU.ActiveCfg = Release|Any CPU
		{CD67FA78-1C14-44FC-ACD2-94F65C454713}.Release|Any CPU.Build.0 = Release|Any CPU
	EndGlobalSection
	GlobalSection(SolutionProperties) = preSolution
		HideSolutionNode = FALSE
	EndGlobalSection
	GlobalSection(ExtensibilityGlobals) = postSolution
		SolutionGuid = {C152016D-5752-48EB-8233-E6BE59432721}
	EndGlobalSection
EndGlobal
